
Microsoft Visual Studio Solution File, Format Version 12.00
# Visual Studio Version 17
VisualStudioVersion = 17.2.32616.157
MinimumVisualStudioVersion = 10.0.40219.1
Project("{FAE04EC0-301F-11D3-BF4B-00C04F79EFBC}") = "ConsoleApp1", "ConsoleApp1\ConsoleApp1.csproj", "{50468216-6D3C-415A-82A1-F3C850822EC5}"
EndProject
Global
	GlobalSection(SolutionConfigurationPlatforms) = preSolution
		Debug|Any CPU = Debug|Any CPU
		Release|Any CPU = Release|Any CPU
	EndGlobalSection
	GlobalSection(ProjectConfigurationPlatforms) = postSolution
		{50468216-6D3C-415A-82A1-F3C850822EC5}.Debug|Any CPU.ActiveCfg = Debug|Any CPU
		{50468216-6D3C-415A-82A1-F3C850822EC5}.Debug|Any CPU.Build.0 = Debug|Any CPU
		{50468216-6D3C-415A-82A1-F3C850822EC5}.Release|Any CPU.ActiveCfg = Release|Any CPU
		{50468216-6D3C-415A-82A1-F3C850822EC5}.Release|Any CPU.Build.0 = Release|Any CPU
	EndGlobalSection
	GlobalSection(SolutionProperties) = preSolution
		HideSolutionNode = FALSE
	EndGlobalSection
	GlobalSection(ExtensibilityGlobals) = postSolution
		SolutionGuid = {0F3B1FF9-45D6-43BA-9F96-151FDC30F5AE}
	EndGlobalSection
EndGlobal
