
Microsoft Visual Studio Solution File, Format Version 12.00
# Visual Studio Version 17
VisualStudioVersion = 17.2.32516.85
MinimumVisualStudioVersion = 10.0.40219.1
Project("{FAE04EC0-301F-11D3-BF4B-00C04F79EFBC}") = "GenericLearningDots", "GenericLearningDots\GenericLearningDots.csproj", "{1AACA857-9FAB-4989-9E20-3C871E72D1D5}"
EndProject
Global
	GlobalSection(SolutionConfigurationPlatforms) = preSolution
		Debug|Any CPU = Debug|Any CPU
		Release|Any CPU = Release|Any CPU
	EndGlobalSection
	GlobalSection(ProjectConfigurationPlatforms) = postSolution
		{1AACA857-9FAB-4989-9E20-3C871E72D1D5}.Debug|Any CPU.ActiveCfg = Debug|Any CPU
		{1AACA857-9FAB-4989-9E20-3C871E72D1D5}.Debug|Any CPU.Build.0 = Debug|Any CPU
		{1AACA857-9FAB-4989-9E20-3C871E72D1D5}.Release|Any CPU.ActiveCfg = Release|Any CPU
		{1AACA857-9FAB-4989-9E20-3C871E72D1D5}.Release|Any CPU.Build.0 = Release|Any CPU
	EndGlobalSection
	GlobalSection(SolutionProperties) = preSolution
		HideSolutionNode = FALSE
	EndGlobalSection
	GlobalSection(ExtensibilityGlobals) = postSolution
		SolutionGuid = {5E4DFC19-3C62-4BEF-B537-403595225AD4}
	EndGlobalSection
EndGlobal
