
Microsoft Visual Studio Solution File, Format Version 12.00
# Visual Studio Version 16
VisualStudioVersion = 16.0.29709.97
MinimumVisualStudioVersion = 10.0.40219.1
Project("{FAE04EC0-301F-11D3-BF4B-00C04F79EFBC}") = "Top100Germany", "Top100Germany\Top100Germany.csproj", "{BF25EA25-18DB-473B-AB61-61E08B50CF28}"
EndProject
Global
	GlobalSection(SolutionConfigurationPlatforms) = preSolution
		Debug|Any CPU = Debug|Any CPU
		Release|Any CPU = Release|Any CPU
	EndGlobalSection
	GlobalSection(ProjectConfigurationPlatforms) = postSolution
		{BF25EA25-18DB-473B-AB61-61E08B50CF28}.Debug|Any CPU.ActiveCfg = Debug|Any CPU
		{BF25EA25-18DB-473B-AB61-61E08B50CF28}.Debug|Any CPU.Build.0 = Debug|Any CPU
		{BF25EA25-18DB-473B-AB61-61E08B50CF28}.Release|Any CPU.ActiveCfg = Release|Any CPU
		{BF25EA25-18DB-473B-AB61-61E08B50CF28}.Release|Any CPU.Build.0 = Release|Any CPU
	EndGlobalSection
	GlobalSection(SolutionProperties) = preSolution
		HideSolutionNode = FALSE
	EndGlobalSection
	GlobalSection(ExtensibilityGlobals) = postSolution
		SolutionGuid = {5E8A0ACF-839A-4A4F-922C-A29B7BF46BA7}
	EndGlobalSection
EndGlobal
